
Microsoft Visual Studio Solution File, Format Version 12.00
# Visual Studio Version 17
VisualStudioVersion = 17.10.34928.147
MinimumVisualStudioVersion = 10.0.40219.1
Project("{9A19103F-16F7-4668-BE54-9A1E7A4F7556}") = "QueueApi", "QueueApi\QueueApi.csproj", "{084F31E2-09F6-4362-B0F6-38EE0CCC8849}"
EndProject
Project("{FAE04EC0-301F-11D3-BF4B-00C04F79EFBC}") = "QueueApi.Tests", "..\QueueApi.Tests\QueueApi.Tests.csproj", "{C46F93E4-D436-43BB-807F-3F1F1FAED98F}"
EndProject
Global
	GlobalSection(SolutionConfigurationPlatforms) = preSolution
		Debug|Any CPU = Debug|Any CPU
		Release|Any CPU = Release|Any CPU
	EndGlobalSection
	GlobalSection(ProjectConfigurationPlatforms) = postSolution
		{084F31E2-09F6-4362-B0F6-38EE0CCC8849}.Debug|Any CPU.ActiveCfg = Debug|Any CPU
		{084F31E2-09F6-4362-B0F6-38EE0CCC8849}.Debug|Any CPU.Build.0 = Debug|Any CPU
		{084F31E2-09F6-4362-B0F6-38EE0CCC8849}.Release|Any CPU.ActiveCfg = Release|Any CPU
		{084F31E2-09F6-4362-B0F6-38EE0CCC8849}.Release|Any CPU.Build.0 = Release|Any CPU
		{C46F93E4-D436-43BB-807F-3F1F1FAED98F}.Debug|Any CPU.ActiveCfg = Debug|Any CPU
		{C46F93E4-D436-43BB-807F-3F1F1FAED98F}.Debug|Any CPU.Build.0 = Debug|Any CPU
		{C46F93E4-D436-43BB-807F-3F1F1FAED98F}.Release|Any CPU.ActiveCfg = Release|Any CPU
		{C46F93E4-D436-43BB-807F-3F1F1FAED98F}.Release|Any CPU.Build.0 = Release|Any CPU
	EndGlobalSection
	GlobalSection(SolutionProperties) = preSolution
		HideSolutionNode = FALSE
	EndGlobalSection
	GlobalSection(ExtensibilityGlobals) = postSolution
		SolutionGuid = {5E20A76A-52FB-4BEE-9A70-A88E4FA2E6B0}
	EndGlobalSection
EndGlobal
